
Microsoft Visual Studio Solution File, Format Version 12.00
# Visual Studio Version 16
VisualStudioVersion = 16.0.30503.244
MinimumVisualStudioVersion = 10.0.40219.1
Project("{FAE04EC0-301F-11D3-BF4B-00C04F79EFBC}") = "17.02.2021", "17.02.2021\17.02.2021.csproj", "{89501E7C-4CA5-4228-9E61-EE39E1060A67}"
EndProject
Global
	GlobalSection(SolutionConfigurationPlatforms) = preSolution
		Debug|Any CPU = Debug|Any CPU
		Release|Any CPU = Release|Any CPU
	EndGlobalSection
	GlobalSection(ProjectConfigurationPlatforms) = postSolution
		{89501E7C-4CA5-4228-9E61-EE39E1060A67}.Debug|Any CPU.ActiveCfg = Debug|Any CPU
		{89501E7C-4CA5-4228-9E61-EE39E1060A67}.Debug|Any CPU.Build.0 = Debug|Any CPU
		{89501E7C-4CA5-4228-9E61-EE39E1060A67}.Release|Any CPU.ActiveCfg = Release|Any CPU
		{89501E7C-4CA5-4228-9E61-EE39E1060A67}.Release|Any CPU.Build.0 = Release|Any CPU
	EndGlobalSection
	GlobalSection(SolutionProperties) = preSolution
		HideSolutionNode = FALSE
	EndGlobalSection
	GlobalSection(ExtensibilityGlobals) = postSolution
		SolutionGuid = {BB7878C2-3AC6-4840-B727-DC0B46263C60}
	EndGlobalSection
EndGlobal
